
Microsoft Visual Studio Solution File, Format Version 12.00
# Visual Studio Version 17
VisualStudioVersion = 17.13.35931.197 d17.13
MinimumVisualStudioVersion = 10.0.40219.1
Project("{2150E333-8FDC-42A3-9474-1A3956D46DE8}") = "Core", "Core", "{02EA681E-C7D8-13C7-8484-4AC65E1B71E8}"
EndProject
Project("{2150E333-8FDC-42A3-9474-1A3956D46DE8}") = "Infrastructure", "Infrastructure", "{3417B8E8-8DD8-48D4-95E2-AFFDEA07343C}"
EndProject
Project("{2150E333-8FDC-42A3-9474-1A3956D46DE8}") = "Presentation", "Presentation", "{E3BE53E3-9140-47A4-80E8-EB6AD1BE50F5}"
EndProject
Project("{FAE04EC0-301F-11D3-BF4B-00C04F79EFBC}") = "YoutubeApi.Application", "Core\YoutubeApi.Application\YoutubeApi.Application.csproj", "{92022F8F-3062-E687-962D-10FF1A78A3AD}"
EndProject
Project("{FAE04EC0-301F-11D3-BF4B-00C04F79EFBC}") = "YoutubeApi.Domain", "Core\YoutubeApi.Domain\YoutubeApi.Domain.csproj", "{18BFC6C1-5B62-E555-9063-CFFF3FA02855}"
EndProject
Project("{FAE04EC0-301F-11D3-BF4B-00C04F79EFBC}") = "YoutubeApi.Infrastructure", "Infrastructure\YoutubeApi.Infrastructure\YoutubeApi.Infrastructure.csproj", "{8E9BB119-4351-4841-8BAA-7017FAD11CB3}"
EndProject
Project("{FAE04EC0-301F-11D3-BF4B-00C04F79EFBC}") = "YoutubeApi.Persistance", "Infrastructure\YoutubeApi.Persistance\YoutubeApi.Persistance.csproj", "{731C8C1F-4CBB-483E-A8A8-5FF5CFF1CB46}"
EndProject
Project("{FAE04EC0-301F-11D3-BF4B-00C04F79EFBC}") = "YoutubeApi.Api", "YoutubeApi.Api\YoutubeApi.Api.csproj", "{3F566FF6-FF8B-4C6C-BB61-CD06DBC4022E}"
EndProject
Global
	GlobalSection(SolutionConfigurationPlatforms) = preSolution
		Debug|Any CPU = Debug|Any CPU
		Release|Any CPU = Release|Any CPU
	EndGlobalSection
	GlobalSection(ProjectConfigurationPlatforms) = postSolution
		{92022F8F-3062-E687-962D-10FF1A78A3AD}.Debug|Any CPU.ActiveCfg = Debug|Any CPU
		{92022F8F-3062-E687-962D-10FF1A78A3AD}.Debug|Any CPU.Build.0 = Debug|Any CPU
		{92022F8F-3062-E687-962D-10FF1A78A3AD}.Release|Any CPU.ActiveCfg = Release|Any CPU
		{92022F8F-3062-E687-962D-10FF1A78A3AD}.Release|Any CPU.Build.0 = Release|Any CPU
		{18BFC6C1-5B62-E555-9063-CFFF3FA02855}.Debug|Any CPU.ActiveCfg = Debug|Any CPU
		{18BFC6C1-5B62-E555-9063-CFFF3FA02855}.Debug|Any CPU.Build.0 = Debug|Any CPU
		{18BFC6C1-5B62-E555-9063-CFFF3FA02855}.Release|Any CPU.ActiveCfg = Release|Any CPU
		{18BFC6C1-5B62-E555-9063-CFFF3FA02855}.Release|Any CPU.Build.0 = Release|Any CPU
		{8E9BB119-4351-4841-8BAA-7017FAD11CB3}.Debug|Any CPU.ActiveCfg = Debug|Any CPU
		{8E9BB119-4351-4841-8BAA-7017FAD11CB3}.Debug|Any CPU.Build.0 = Debug|Any CPU
		{8E9BB119-4351-4841-8BAA-7017FAD11CB3}.Release|Any CPU.ActiveCfg = Release|Any CPU
		{8E9BB119-4351-4841-8BAA-7017FAD11CB3}.Release|Any CPU.Build.0 = Release|Any CPU
		{731C8C1F-4CBB-483E-A8A8-5FF5CFF1CB46}.Debug|Any CPU.ActiveCfg = Debug|Any CPU
		{731C8C1F-4CBB-483E-A8A8-5FF5CFF1CB46}.Debug|Any CPU.Build.0 = Debug|Any CPU
		{731C8C1F-4CBB-483E-A8A8-5FF5CFF1CB46}.Release|Any CPU.ActiveCfg = Release|Any CPU
		{731C8C1F-4CBB-483E-A8A8-5FF5CFF1CB46}.Release|Any CPU.Build.0 = Release|Any CPU
		{3F566FF6-FF8B-4C6C-BB61-CD06DBC4022E}.Debug|Any CPU.ActiveCfg = Debug|Any CPU
		{3F566FF6-FF8B-4C6C-BB61-CD06DBC4022E}.Debug|Any CPU.Build.0 = Debug|Any CPU
		{3F566FF6-FF8B-4C6C-BB61-CD06DBC4022E}.Release|Any CPU.ActiveCfg = Release|Any CPU
		{3F566FF6-FF8B-4C6C-BB61-CD06DBC4022E}.Release|Any CPU.Build.0 = Release|Any CPU
	EndGlobalSection
	GlobalSection(SolutionProperties) = preSolution
		HideSolutionNode = FALSE
	EndGlobalSection
	GlobalSection(NestedProjects) = preSolution
		{92022F8F-3062-E687-962D-10FF1A78A3AD} = {02EA681E-C7D8-13C7-8484-4AC65E1B71E8}
		{18BFC6C1-5B62-E555-9063-CFFF3FA02855} = {02EA681E-C7D8-13C7-8484-4AC65E1B71E8}
		{8E9BB119-4351-4841-8BAA-7017FAD11CB3} = {3417B8E8-8DD8-48D4-95E2-AFFDEA07343C}
		{731C8C1F-4CBB-483E-A8A8-5FF5CFF1CB46} = {3417B8E8-8DD8-48D4-95E2-AFFDEA07343C}
		{3F566FF6-FF8B-4C6C-BB61-CD06DBC4022E} = {E3BE53E3-9140-47A4-80E8-EB6AD1BE50F5}
	EndGlobalSection
	GlobalSection(ExtensibilityGlobals) = postSolution
		SolutionGuid = {06D2C551-379F-41FA-A68B-8E232C060423}
	EndGlobalSection
EndGlobal
